{
  "version": 4,
  "terraform_version": "1.11.3",
  "serial": 7,
  "lineage": "5050422f-0f84-cae8-c488-f8a14ed1bab8",
  "outputs": {},
  "resources": [
    {
      "mode": "data",
      "type": "aws_subnet",
      "name": "default",
      "provider": "provider[\"registry.terraform.io/hashicorp/aws\"]",
      "instances": [
        {
          "schema_version": 0,
          "attributes": {
            "arn": "arn:aws:ec2:ap-south-1:928708540614:subnet/subnet-02fccd082bf2f2b25",
            "assign_ipv6_address_on_creation": false,
            "availability_zone": "ap-south-1b",
            "availability_zone_id": "aps1-az3",
            "available_ip_address_count": 65531,
            "cidr_block": "172.31.0.0/16",
            "customer_owned_ipv4_pool": "",
            "default_for_az": false,
            "enable_dns64": false,
            "enable_lni_at_device_index": 0,
            "enable_resource_name_dns_a_record_on_launch": false,
            "enable_resource_name_dns_aaaa_record_on_launch": false,
            "filter": [
              {
                "name": "vpc-id",
                "values": [
                  "vpc-0dec5b9bf3f17c55d"
                ]
              }
            ],
            "id": "subnet-02fccd082bf2f2b25",
            "ipv6_cidr_block": "",
            "ipv6_cidr_block_association_id": "",
            "ipv6_native": false,
            "map_customer_owned_ip_on_launch": false,
            "map_public_ip_on_launch": true,
            "outpost_arn": "",
            "owner_id": "928708540614",
            "private_dns_hostname_type_on_launch": "ip-name",
            "state": "available",
            "tags": {
              "Name": "default"
            },
            "timeouts": null,
            "vpc_id": "vpc-0dec5b9bf3f17c55d"
          },
          "sensitive_attributes": []
        }
      ]
    },
    {
      "mode": "managed",
      "type": "aws_default_vpc",
      "name": "default",
      "provider": "provider[\"registry.terraform.io/hashicorp/aws\"]",
      "instances": [
        {
          "schema_version": 1,
          "attributes": {
            "arn": "arn:aws:ec2:ap-south-1:928708540614:vpc/vpc-0dec5b9bf3f17c55d",
            "assign_generated_ipv6_cidr_block": false,
            "cidr_block": "172.31.0.0/16",
            "default_network_acl_id": "acl-05c39351d33f89360",
            "default_route_table_id": "rtb-03fb01130e07131e9",
            "default_security_group_id": "sg-0b84d3339486a4d49",
            "dhcp_options_id": "dopt-0e5da098c047bc77f",
            "enable_dns_hostnames": true,
            "enable_dns_support": true,
            "enable_network_address_usage_metrics": false,
            "existing_default_vpc": true,
            "force_destroy": false,
            "id": "vpc-0dec5b9bf3f17c55d",
            "instance_tenancy": "default",
            "ipv6_association_id": "",
            "ipv6_cidr_block": "",
            "ipv6_cidr_block_network_border_group": "",
            "ipv6_ipam_pool_id": "",
            "ipv6_netmask_length": 0,
            "main_route_table_id": "rtb-03fb01130e07131e9",
            "owner_id": "928708540614",
            "tags": {},
            "tags_all": {}
          },
          "sensitive_attributes": [],
          "private": "eyJzY2hlbWFfdmVyc2lvbiI6IjEifQ=="
        }
      ]
    },
    {
      "mode": "managed",
      "type": "aws_key_pair",
      "name": "my_key",
      "provider": "provider[\"registry.terraform.io/hashicorp/aws\"]",
      "instances": [
        {
          "schema_version": 1,
          "attributes": {
            "arn": "arn:aws:ec2:ap-south-1:928708540614:key-pair/terra-key-ec2",
            "fingerprint": "3e:53:ba:ee:ce:29:19:8a:bc:8f:8e:e1:e1:97:a7:2d",
            "id": "terra-key-ec2",
            "key_name": "terra-key-ec2",
            "key_name_prefix": "",
            "key_pair_id": "key-0794ab8228094df3d",
            "key_type": "rsa",
            "public_key": "ssh-rsa AAAAB3NzaC1yc2EAAAADAQABAAABgQDIxLchL2lKRJjusd+AMWM8WggGl46JpHHqISXJUZhQvjx1QxZVVDAsiAzZ++hGyKU3Zhwi670wLpaieNoGTuJxAIOtgZQ2VvLB20D0jZgD66IgMN0l9N8BkhMSz0kDUrPeMOQflcYyNLdnAfhlRjYKFQiDLeM2Fso6jcDIxRtMuJoius4q9M4K0lRzC0S3xQBTqJleW1iolWx88+QbqHL2K0M3VgbzszFRswS98xsx+/rJV0v0d38CZUTY92tmwwlUFDvvwINHJWv3MEEPToA1wj3XuPFNfkQOf5h7u0a/dtFym+dz9e7IYPmtZ4V2GFT7gx9PQ7xl5JGzw4Y/WmD8i3pjCb2rl2aHkMvk0WL6IEQwNgnnwVlsfujFsQVRa5JQDOQBYwkmzsqqXHJ5xGjhyhLyYtcAOPZ1wk9BnGKwc0fN1sN/StvfVqyw6b7Lol1XDyHqYEsqq8xIr/h5lbX5hBrCcDrMGWMZTZAC9RBBnbQVj6Z4eneNjhvC1jPJiF8= sahil@LAPTOP-UMFLANIU",
            "tags": {},
            "tags_all": {}
          },
          "sensitive_attributes": [],
          "private": "eyJzY2hlbWFfdmVyc2lvbiI6IjEifQ=="
        }
      ]
    },
    {
      "mode": "managed",
      "type": "aws_security_group",
      "name": "my_security_group",
      "provider": "provider[\"registry.terraform.io/hashicorp/aws\"]",
      "instances": [
        {
          "schema_version": 1,
          "attributes": {
            "arn": "arn:aws:ec2:ap-south-1:928708540614:security-group/sg-08130bfeb48394b5e",
            "description": "this will add a TF generated Security group",
            "egress": [
              {
                "cidr_blocks": [
                  "0.0.0.0/0"
                ],
                "description": "all access open outbound",
                "from_port": 0,
                "ipv6_cidr_blocks": [],
                "prefix_list_ids": [],
                "protocol": "-1",
                "security_groups": [],
                "self": false,
                "to_port": 0
              }
            ],
            "id": "sg-08130bfeb48394b5e",
            "ingress": [
              {
                "cidr_blocks": [
                  "0.0.0.0/0"
                ],
                "description": "HTTP Open",
                "from_port": 80,
                "ipv6_cidr_blocks": [],
                "prefix_list_ids": [],
                "protocol": "tcp",
                "security_groups": [],
                "self": false,
                "to_port": 80
              },
              {
                "cidr_blocks": [
                  "0.0.0.0/0"
                ],
                "description": "SSH Open",
                "from_port": 22,
                "ipv6_cidr_blocks": [],
                "prefix_list_ids": [],
                "protocol": "tcp",
                "security_groups": [],
                "self": false,
                "to_port": 22
              }
            ],
            "name": "auromate-sg",
            "name_prefix": "",
            "owner_id": "928708540614",
            "revoke_rules_on_delete": false,
            "tags": {
              "name": "automate-sg"
            },
            "tags_all": {
              "name": "automate-sg"
            },
            "timeouts": null,
            "vpc_id": "vpc-0dec5b9bf3f17c55d"
          },
          "sensitive_attributes": [],
          "private": "eyJlMmJmYjczMC1lY2FhLTExZTYtOGY4OC0zNDM2M2JjN2M0YzAiOnsiY3JlYXRlIjo2MDAwMDAwMDAwMDAsImRlbGV0ZSI6OTAwMDAwMDAwMDAwfSwic2NoZW1hX3ZlcnNpb24iOiIxIn0=",
          "dependencies": [
            "aws_default_vpc.default"
          ]
        }
      ]
    }
  ],
  "check_results": null
}
